// !$*UTF8*$!
{
	archiveVersion = 1;
	classes = {
	};
	objectVersion = 50;
	objects = {

/* Begin PBXBuildFile section */
		A90FFC9E2119010200EBA83E /* Jugada.swift in Sources */ = {isa = PBXBuildFile; fileRef = A90FFC9D2119010200EBA83E /* Jugada.swift */; };
		A95BBB09211753B000F918AB /* AppDelegate.swift in Sources */ = {isa = PBXBuildFile; fileRef = A95BBB08211753B000F918AB /* AppDelegate.swift */; };
		A95BBB0B211753B000F918AB /* ViewController.swift in Sources */ = {isa = PBXBuildFile; fileRef = A95BBB0A211753B000F918AB /* ViewController.swift */; };
		A95BBB0E211753B000F918AB /* Main.storyboard in Resources */ = {isa = PBXBuildFile; fileRef = A95BBB0C211753B000F918AB /* Main.storyboard */; };
		A95BBB10211753B200F918AB /* Assets.xcassets in Resources */ = {isa = PBXBuildFile; fileRef = A95BBB0F211753B200F918AB /* Assets.xcassets */; };
		A95BBB13211753B200F918AB /* LaunchScreen.storyboard in Resources */ = {isa = PBXBuildFile; fileRef = A95BBB11211753B200F918AB /* LaunchScreen.storyboard */; };
		A95BBB1B211753C300F918AB /* Domino.swift in Sources */ = {isa = PBXBuildFile; fileRef = A95BBB1A211753C300F918AB /* Domino.swift */; };
		A95BBB1D21176D1A00F918AB /* Ficha.swift in Sources */ = {isa = PBXBuildFile; fileRef = A95BBB1C21176D1A00F918AB /* Ficha.swift */; };
		A95BBB1F21176D7300F918AB /* Jugador.swift in Sources */ = {isa = PBXBuildFile; fileRef = A95BBB1E21176D7300F918AB /* Jugador.swift */; };
/* End PBXBuildFile section */

/* Begin PBXFileReference section */
		A90FFC9D2119010200EBA83E /* Jugada.swift */ = {isa = PBXFileReference; lastKnownFileType = sourcecode.swift; path = Jugada.swift; sourceTree = "<group>"; };
		A95BBB05211753B000F918AB /* Domino.app */ = {isa = PBXFileReference; explicitFileType = wrapper.application; includeInIndex = 0; path = Domino.app; sourceTree = BUILT_PRODUCTS_DIR; };
		A95BBB08211753B000F918AB /* AppDelegate.swift */ = {isa = PBXFileReference; lastKnownFileType = sourcecode.swift; path = AppDelegate.swift; sourceTree = "<group>"; };
		A95BBB0A211753B000F918AB /* ViewController.swift */ = {isa = PBXFileReference; lastKnownFileType = sourcecode.swift; path = ViewController.swift; sourceTree = "<group>"; };
		A95BBB0D211753B000F918AB /* Base */ = {isa = PBXFileReference; lastKnownFileType = file.storyboard; name = Base; path = Base.lproj/Main.storyboard; sourceTree = "<group>"; };
		A95BBB0F211753B200F918AB /* Assets.xcassets */ = {isa = PBXFileReference; lastKnownFileType = folder.assetcatalog; path = Assets.xcassets; sourceTree = "<group>"; };
		A95BBB12211753B200F918AB /* Base */ = {isa = PBXFileReference; lastKnownFileType = file.storyboard; name = Base; path = Base.lproj/LaunchScreen.storyboard; sourceTree = "<group>"; };
		A95BBB14211753B200F918AB /* Info.plist */ = {isa = PBXFileReference; lastKnownFileType = text.plist.xml; path = Info.plist; sourceTree = "<group>"; };
		A95BBB1A211753C300F918AB /* Domino.swift */ = {isa = PBXFileReference; lastKnownFileType = sourcecode.swift; path = Domino.swift; sourceTree = "<group>"; };
		A95BBB1C21176D1A00F918AB /* Ficha.swift */ = {isa = PBXFileReference; lastKnownFileType = sourcecode.swift; path = Ficha.swift; sourceTree = "<group>"; };
		A95BBB1E21176D7300F918AB /* Jugador.swift */ = {isa = PBXFileReference; lastKnownFileType = sourcecode.swift; path = Jugador.swift; sourceTree = "<group>"; };
/* End PBXFileReference section */

/* Begin PBXFrameworksBuildPhase section */
		A95BBB02211753AF00F918AB /* Frameworks */ = {
			isa = PBXFrameworksBuildPhase;
			buildActionMask = 2147483647;
			files = (
			);
			runOnlyForDeploymentPostprocessing = 0;
		};
/* End PBXFrameworksBuildPhase section */

/* Begin PBXGroup section */
		A95BBAFC211753AF00F918AB = {
			isa = PBXGroup;
			children = (
				A95BBB07211753B000F918AB /* Domino */,
				A95BBB06211753B000F918AB /* Products */,
			);
			sourceTree = "<group>";
		};
		A95BBB06211753B000F918AB /* Products */ = {
			isa = PBXGroup;
			children = (
				A95BBB05211753B000F918AB /* Domino.app */,
			);
			name = Products;
			sourceTree = "<group>";
		};
		A95BBB07211753B000F918AB /* Domino */ = {
			isa = PBXGroup;
			children = (
				A95BBB08211753B000F918AB /* AppDelegate.swift */,
				A95BBB0A211753B000F918AB /* ViewController.swift */,
				A95BBB0C211753B000F918AB /* Main.storyboard */,
				A95BBB0F211753B200F918AB /* Assets.xcassets */,
				A95BBB11211753B200F918AB /* LaunchScreen.storyboard */,
				A95BBB14211753B200F918AB /* Info.plist */,
				A95BBB1A211753C300F918AB /* Domino.swift */,
				A95BBB1C21176D1A00F918AB /* Ficha.swift */,
				A95BBB1E21176D7300F918AB /* Jugador.swift */,
				A90FFC9D2119010200EBA83E /* Jugada.swift */,
			);
			path = Domino;
			sourceTree = "<group>";
		};
/* End PBXGroup section */

/* Begin PBXNativeTarget section */
		A95BBB04211753AF00F918AB /* Domino */ = {
			isa = PBXNativeTarget;
			buildConfigurationList = A95BBB17211753B200F918AB /* Build configuration list for PBXNativeTarget "Domino" */;
			buildPhases = (
				A95BBB01211753AF00F918AB /* Sources */,
				A95BBB02211753AF00F918AB /* Frameworks */,
				A95BBB03211753AF00F918AB /* Resources */,
			);
			buildRules = (
			);
			dependencies = (
			);
			name = Domino;
			productName = Domino;
			productReference = A95BBB05211753B000F918AB /* Domino.app */;
			productType = "com.apple.product-type.application";
		};
/* End PBXNativeTarget section */

/* Begin PBXProject section */
		A95BBAFD211753AF00F918AB /* Project object */ = {
			isa = PBXProject;
			attributes = {
				LastSwiftUpdateCheck = 0940;
				LastUpgradeCheck = 0940;
				ORGANIZATIONNAME = Marco;
				TargetAttributes = {
					A95BBB04211753AF00F918AB = {
						CreatedOnToolsVersion = 9.4.1;
					};
				};
			};
			buildConfigurationList = A95BBB00211753AF00F918AB /* Build configuration list for PBXProject "Domino" */;
			compatibilityVersion = "Xcode 9.3";
			developmentRegion = en;
			hasScannedForEncodings = 0;
			knownRegions = (
				en,
				Base,
			);
			mainGroup = A95BBAFC211753AF00F918AB;
			productRefGroup = A95BBB06211753B000F918AB /* Products */;
			projectDirPath = "";
			projectRoot = "";
			targets = (
				A95BBB04211753AF00F918AB /* Domino */,
			);
		};
/* End PBXProject section */

/* Begin PBXResourcesBuildPhase section */
		A95BBB03211753AF00F918AB /* Resources */ = {
			isa = PBXResourcesBuildPhase;
			buildActionMask = 2147483647;
			files = (
				A95BBB13211753B200F918AB /* LaunchScreen.storyboard in Resources */,
				A95BBB10211753B200F918AB /* Assets.xcassets in Resources */,
				A95BBB0E211753B000F918AB /* Main.storyboard in Resources */,
			);
			runOnlyForDeploymentPostprocessing = 0;
		};
/* End PBXResourcesBuildPhase section */

/* Begin PBXSourcesBuildPhase section */
		A95BBB01211753AF00F918AB /* Sources */ = {
			isa = PBXSourcesBuildPhase;
			buildActionMask = 2147483647;
			files = (
				A95BBB0B211753B000F918AB /* ViewController.swift in Sources */,
				A95BBB1D21176D1A00F918AB /* Ficha.swift in Sources */,
				A95BBB1B211753C300F918AB /* Domino.swift in Sources */,
				A90FFC9E2119010200EBA83E /* Jugada.swift in Sources */,
				A95BBB09211753B000F918AB /* AppDelegate.swift in Sources */,
				A95BBB1F21176D7300F918AB /* Jugador.swift in Sources */,
			);
			runOnlyForDeploymentPostprocessing = 0;
		};
/* End PBXSourcesBuildPhase section */

/* Begin PBXVariantGroup section */
		A95BBB0C211753B000F918AB /* Main.storyboard */ = {
			isa = PBXVariantGroup;
			children = (
				A95BBB0D211753B000F918AB /* Base */,
			);
			name = Main.storyboard;
			sourceTree = "<group>";
		};
		A95BBB11211753B200F918AB /* LaunchScreen.storyboard */ = {
			isa = PBXVariantGroup;
			children = (
				A95BBB12211753B200F918AB /* Base */,
			);
			name = LaunchScreen.storyboard;
			sourceTree = "<group>";
		};
/* End PBXVariantGroup section */

/* Begin XCBuildConfiguration section */
		A95BBB15211753B200F918AB /* Debug */ = {
			isa = XCBuildConfiguration;
			buildSettings = {
				ALWAYS_SEARCH_USER_PATHS = NO;
				CLANG_ANALYZER_NONNULL = YES;
				CLANG_ANALYZER_NUMBER_OBJECT_CONVERSION = YES_AGGRESSIVE;
				CLANG_CXX_LANGUAGE_STANDARD = "gnu++14";
				CLANG_CXX_LIBRARY = "libc++";
				CLANG_ENABLE_MODULES = YES;
				CLANG_ENABLE_OBJC_ARC = YES;
				CLANG_ENABLE_OBJC_WEAK = YES;
				CLANG_WARN_BLOCK_CAPTURE_AUTORELEASING = YES;
				CLANG_WARN_BOOL_CONVERSION = YES;
				CLANG_WARN_COMMA = YES;
				CLANG_WARN_CONSTANT_CONVERSION = YES;
				CLANG_WARN_DEPRECATED_OBJC_IMPLEMENTATIONS = YES;
				CLANG_WARN_DIRECT_OBJC_ISA_USAGE = YES_ERROR;
				CLANG_WARN_DOCUMENTATION_COMMENTS = YES;
				CLANG_WARN_EMPTY_BODY = YES;
				CLANG_WARN_ENUM_CONVERSION = YES;
				CLANG_WARN_INFINITE_RECURSION = YES;
				CLANG_WARN_INT_CONVERSION = YES;
				CLANG_WARN_NON_LITERAL_NULL_CONVERSION = YES;
				CLANG_WARN_OBJC_IMPLICIT_RETAIN_SELF = YES;
				CLANG_WARN_OBJC_LITERAL_CONVERSION = YES;
				CLANG_WARN_OBJC_ROOT_CLASS = YES_ERROR;
				CLANG_WARN_RANGE_LOOP_ANALYSIS = YES;
				CLANG_WARN_STRICT_PROTOTYPES = YES;
				CLANG_WARN_SUSPICIOUS_MOVE = YES;
				CLANG_WARN_UNGUARDED_AVAILABILITY = YES_AGGRESSIVE;
				CLANG_WARN_UNREACHABLE_CODE = YES;
				CLANG_WARN__DUPLICATE_METHOD_MATCH = YES;
				CODE_SIGN_IDENTITY = "iPhone Developer";
				COPY_PHASE_STRIP = NO;
				DEBUG_INFORMATION_FORMAT = dwarf;
				ENABLE_STRICT_OBJC_MSGSEND = YES;
				ENABLE_TESTABILITY = YES;
				GCC_C_LANGUAGE_STANDARD = gnu11;
				GCC_DYNAMIC_NO_PIC = NO;
				GCC_NO_COMMON_BLOCKS = YES;
				GCC_OPTIMIZATION_LEVEL = 0;
				GCC_PREPROCESSOR_DEFINITIONS = (
					"DEBUG=1",
					"$(inherited)",
				);
				GCC_WARN_64_TO_32_BIT_CONVERSION = YES;
				GCC_WARN_ABOUT_RETURN_TYPE = YES_ERROR;
				GCC_WARN_UNDECLARED_SELECTOR = YES;
				GCC_WARN_UNINITIALIZED_AUTOS = YES_AGGRESSIVE;
				GCC_WARN_UNUSED_FUNCTION = YES;
				GCC_WARN_UNUSED_VARIABLE = YES;
				IPHONEOS_DEPLOYMENT_TARGET = 11.4;
				MTL_ENABLE_DEBUG_INFO = YES;
				ONLY_ACTIVE_ARCH = YES;
				SDKROOT = iphoneos;
				SWIFT_ACTIVE_COMPILATION_CONDITIONS = DEBUG;
				SWIFT_OPTIMIZATION_LEVEL = "-Onone";
			};
			name = Debug;
		};
		A95BBB16211753B200F918AB /* Release */ = {
			isa = XCBuildConfiguration;
			buildSettings = {
				ALWAYS_SEARCH_USER_PATHS = NO;
				CLANG_ANALYZER_NONNULL = YES;
				CLANG_ANALYZER_NUMBER_OBJECT_CONVERSION = YES_AGGRESSIVE;
				CLANG_CXX_LANGUAGE_STANDARD = "gnu++14";
				CLANG_CXX_LIBRARY = "libc++";
				CLANG_ENABLE_MODULES = YES;
				CLANG_ENABLE_OBJC_ARC = YES;
				CLANG_ENABLE_OBJC_WEAK = YES;
				CLANG_WARN_BLOCK_CAPTURE_AUTORELEASING = YES;
				CLANG_WARN_BOOL_CONVERSION = YES;
				CLANG_WARN_COMMA = YES;
				CLANG_WARN_CONSTANT_CONVERSION = YES;
				CLANG_WARN_DEPRECATED_OBJC_IMPLEMENTATIONS = YES;
				CLANG_WARN_DIRECT_OBJC_ISA_USAGE = YES_ERROR;
				CLANG_WARN_DOCUMENTATION_COMMENTS = YES;
				CLANG_WARN_EMPTY_BODY = YES;
				CLANG_WARN_ENUM_CONVERSION = YES;
				CLANG_WARN_INFINITE_RECURSION = YES;
				CLANG_WARN_INT_CONVERSION = YES;
				CLANG_WARN_NON_LITERAL_NULL_CONVERSION = YES;
				CLANG_WARN_OBJC_IMPLICIT_RETAIN_SELF = YES;
				CLANG_WARN_OBJC_LITERAL_CONVERSION = YES;
				CLANG_WARN_OBJC_ROOT_CLASS = YES_ERROR;
				CLANG_WARN_RANGE_LOOP_ANALYSIS = YES;
				CLANG_WARN_STRICT_PROTOTYPES = YES;
				CLANG_WARN_SUSPICIOUS_MOVE = YES;
				CLANG_WARN_UNGUARDED_AVAILABILITY = YES_AGGRESSIVE;
				CLANG_WARN_UNREACHABLE_CODE = YES;
				CLANG_WARN__DUPLICATE_METHOD_MATCH = YES;
				CODE_SIGN_IDENTITY = "iPhone Developer";
				COPY_PHASE_STRIP = NO;
				DEBUG_INFORMATION_FORMAT = "dwarf-with-dsym";
				ENABLE_NS_ASSERTIONS = NO;
				ENABLE_STRICT_OBJC_MSGSEND = YES;
				GCC_C_LANGUAGE_STANDARD = gnu11;
				GCC_NO_COMMON_BLOCKS = YES;
				GCC_WARN_64_TO_32_BIT_CONVERSION = YES;
				GCC_WARN_ABOUT_RETURN_TYPE = YES_ERROR;
				GCC_WARN_UNDECLARED_SELECTOR = YES;
				GCC_WARN_UNINITIALIZED_AUTOS = YES_AGGRESSIVE;
				GCC_WARN_UNUSED_FUNCTION = YES;
				GCC_WARN_UNUSED_VARIABLE = YES;
				IPHONEOS_DEPLOYMENT_TARGET = 11.4;
				MTL_ENABLE_DEBUG_INFO = NO;
				SDKROOT = iphoneos;
				SWIFT_COMPILATION_MODE = wholemodule;
				SWIFT_OPTIMIZATION_LEVEL = "-O";
				VALIDATE_PRODUCT = YES;
			};
			name = Release;
		};
		A95BBB18211753B200F918AB /* Debug */ = {
			isa = XCBuildConfiguration;
			buildSettings = {
				ASSETCATALOG_COMPILER_APPICON_NAME = AppIcon;
				CODE_SIGN_STYLE = Automatic;
				DEVELOPMENT_TEAM = 5B2Y48VU39;
				INFOPLIST_FILE = Domino/Info.plist;
				LD_RUNPATH_SEARCH_PATHS = (
					"$(inherited)",
					"@executable_path/Frameworks",
				);
				PRODUCT_BUNDLE_IDENTIFIER = com.marco.Domino;
				PRODUCT_NAME = "$(TARGET_NAME)";
				SWIFT_VERSION = 4.0;
				TARGETED_DEVICE_FAMILY = "1,2";
			};
			name = Debug;
		};
		A95BBB19211753B200F918AB /* Release */ = {
			isa = XCBuildConfiguration;
			buildSettings = {
				ASSETCATALOG_COMPILER_APPICON_NAME = AppIcon;
				CODE_SIGN_STYLE = Automatic;
				DEVELOPMENT_TEAM = 5B2Y48VU39;
				INFOPLIST_FILE = Domino/Info.plist;
				LD_RUNPATH_SEARCH_PATHS = (
					"$(inherited)",
					"@executable_path/Frameworks",
				);
				PRODUCT_BUNDLE_IDENTIFIER = com.marco.Domino;
				PRODUCT_NAME = "$(TARGET_NAME)";
				SWIFT_VERSION = 4.0;
				TARGETED_DEVICE_FAMILY = "1,2";
			};
			name = Release;
		};
/* End XCBuildConfiguration section */

/* Begin XCConfigurationList section */
		A95BBB00211753AF00F918AB /* Build configuration list for PBXProject "Domino" */ = {
			isa = XCConfigurationList;
			buildConfigurations = (
				A95BBB15211753B200F918AB /* Debug */,
				A95BBB16211753B200F918AB /* Release */,
			);
			defaultConfigurationIsVisible = 0;
			defaultConfigurationName = Release;
		};
		A95BBB17211753B200F918AB /* Build configuration list for PBXNativeTarget "Domino" */ = {
			isa = XCConfigurationList;
			buildConfigurations = (
				A95BBB18211753B200F918AB /* Debug */,
				A95BBB19211753B200F918AB /* Release */,
			);
			defaultConfigurationIsVisible = 0;
			defaultConfigurationName = Release;
		};
/* End XCConfigurationList section */
	};
	rootObject = A95BBAFD211753AF00F918AB /* Project object */;
}
